# This file is automatically @generated by Cargo.
# It is not intended for manual editing.
version = 4

[[package]]
name = "audio-core"
version = "0.1.0"
dependencies = [
 "common",
]

[[package]]
name = "common"
version = "0.1.0"

[[package]]
name = "demo-cli"
version = "0.1.0"
dependencies = [
 "common",
 "session-core",
]

[[package]]
name = "engine-api"
version = "0.1.0"
dependencies = [
 "common",
 "session-core",
]

[[package]]
name = "metrics"
version = "0.1.0"

[[package]]
name = "output-bridge"
version = "0.1.0"
dependencies = [
 "common",
]

[[package]]
name = "session-core"
version = "0.1.0"
dependencies = [
 "audio-core",
 "common",
 "metrics",
 "output-bridge",
]
